# THIS IS AN AUTOGENERATED FILE. DO NOT EDIT THIS FILE DIRECTLY.
assets/crimson-bold-webfont.eot:
  development: 2018-03-21T09:41:47-04:00   87728e4677fcdcf3ab878bbbabf84579
assets/crimson-bold-webfont.woff:
  development: 2018-03-21T09:41:47-04:00   ec902461db1e8fd5c0eaf03889ba7b8f
assets/crimson-bolditalic-webfont.eot:
  development: 2018-03-21T09:41:47-04:00   bdfc8ee5795ab1d9eeb1e0b4f830a202
assets/crimson-bolditalic-webfont.woff:
  development: 2018-03-21T09:41:47-04:00   cfe98df7e4571004b77a50547212e775
assets/crimson-italic-webfont.eot:
  development: 2018-03-21T09:41:48-04:00   bfed619f0ff1a731dcf6c04319dfa656
assets/crimson-italic-webfont.woff:
  development: 2018-03-21T09:41:48-04:00   879ca5e83fc97947d93f05dbc577293f
assets/crimson-roman-webfont.eot:
  development: 2018-03-21T09:41:48-04:00   5297626eb8597599f4238faf012cedbd
assets/crimson-roman-webfont.woff:
  development: 2018-03-21T09:41:48-04:00   9f1b62fc8e121db689258f2cbdf27787
assets/giftcard.scss.liquid:
  development: 2018-03-21T09:41:48-04:00   7e9d7ec30c6dde17f2cad4206426331b
assets/jquery-1.11.1.min.js:
  development: 2018-03-21T09:41:48-04:00   8101d596b2b8fa35fe3a634ea342d7c3
assets/jquery.cart.min.js:
  development: 2018-03-21T09:41:48-04:00   308dd3eeacc7c06d02b80adff972cb98
assets/jquery.currencies.js:
  development: 2018-03-21T09:41:48-04:00   21a6f41c5ce4e3aafd4fd0c398703867
assets/modernizr-2.8.2.min.js:
  development: 2018-03-21T09:41:49-04:00   7607d57536efee08f0b875d52e960329
assets/pacific-icons.eot:
  development: 2018-03-21T09:41:49-04:00   9e0ece67832b915b0092858cdc92efb2
assets/pacific-icons.woff:
  development: 2018-03-21T09:41:49-04:00   dc8fd0b1ccfe611b3b936d929f2801cd
assets/pixelunionsocialicons-regular.eot:
  development: 2018-03-21T09:41:49-04:00   e88eb49ab81a238351ba36bf8ac7f340
assets/pixelunionsocialicons-regular.woff:
  development: 2018-03-21T09:41:49-04:00   babd5c3f7c22762629175d6a40b019d3
assets/plugins.js:
  development: 2018-03-21T09:41:49-04:00   bdde5b2770487a3e98a513ac821aa0f6
assets/respond-proxy.html:
  development: 2018-03-21T09:41:49-04:00   75002d74a330bff6bf069284da503b4c
assets/respond.min.js:
  development: 2018-03-21T09:41:50-04:00   a2684e9b8fa50d6d11c56a9ada068528
assets/theme.js.liquid:
  development: 2018-03-21T09:41:50-04:00   80ab8d2af82074932f3e6b06ab094721
assets/theme.scss.liquid:
  development: 2018-03-21T09:41:50-04:00   f51a9fbbf70d8b20a0ec4b3ca15be819
config/settings_data.json:
  development: 2018-03-21T09:41:53-04:00   f52f341687b703198c77a6c0c4e6696e
config/settings_schema.json:
  development: 2018-03-21T10:02:28-04:00   bc4ffbd544e2e0ac87bd511cd1aec4fb
layout/theme.liquid:
  development: 2018-03-21T10:02:30-04:00   c44e718e9d8be43eab7e24b8fd23fb4d
locales/en.default.json:
  development: 2018-03-21T09:41:50-04:00   3c0c330d2ca3e0a4a635fd1e976d32a8
sections/footer.liquid:
  development: 2018-03-21T10:01:40-04:00   4bfc4543a9780ccd5042767f5dbd40ad
sections/header.liquid:
  development: 2018-03-21T10:01:29-04:00   e65ed56e4eea042d6c1bde838e8b101f
sections/page-cart.liquid:
  development: 2018-03-21T09:41:46-04:00   fd932ef69c93ff434cb404340bd7068e
sections/page-collection.liquid:
  development: 2018-03-21T09:41:46-04:00   6867a374a8a307f2ddfa7167e5a34088
sections/page-collections-list.liquid:
  development: 2018-03-21T09:41:46-04:00   e9fcab936fc74ff28b7354797737fad9
sections/page-product.liquid:
  development: 2018-03-21T09:41:46-04:00   214009ec2ade99d3c1184a6a5c3cc6de
snippets/article-list-item.liquid:
  development: 2018-03-21T09:41:50-04:00   34a9b1b0a158b987724262c4be08a005
snippets/breadcrumbs.liquid:
  development: 2018-03-21T09:41:50-04:00   9e0e187ba762c3861212117a8f10d4bd
snippets/collection-filter.liquid:
  development: 2018-03-21T09:41:50-04:00   5bf27dcfc7d9c322b9dd1ac120cdac65
snippets/collection-header.liquid:
  development: 2018-03-21T09:41:50-04:00   0a903a3894ef776d421215230938b6cc
snippets/collection-list-item.liquid:
  development: 2018-03-21T09:41:50-04:00   bae98d2bfe82c0c053ca76c3eb4cfcd8
snippets/currency-switcher.liquid:
  development: 2018-03-21T09:41:50-04:00   25fcf2c180e327f9e260da5954d418b1
snippets/footer-connect.liquid:
  development: 2018-03-21T09:41:51-04:00   6803d4ecba76f37ebbd135ec4ffcecc3
snippets/footer-instagram.liquid:
  development: 2018-03-21T09:41:51-04:00   94bea19db8f92b46561ae681e1295ccf
snippets/footer-link-lists.liquid:
  development: 2018-03-21T09:41:51-04:00   43fa77cd991f4d7f08b229400de71821
snippets/footer-text-box.liquid:
  development: 2018-03-21T09:41:51-04:00   b1694d16101ad8f94c1e8d1bcf60b17a
snippets/footer-tweet.liquid:
  development: 2018-03-21T09:41:51-04:00   9071d550423d60af589df01d7b3d4478
snippets/for-looper.liquid:
  development: 2018-03-21T09:41:51-04:00   eba9fc0e23ff04300e6c5a5bcc6e0328
snippets/has-dropdown.liquid:
  development: 2018-03-21T09:41:51-04:00   3c71627cde7801cb15dcc51b1564cbb7
snippets/home-section-title.liquid:
  development: 2018-03-21T09:41:51-04:00   aff9e5dc0f8741e81c659f11ffd43856
snippets/mega-navigation.liquid:
  development: 2018-03-21T09:41:51-04:00   b6bf23418fa6d709af8691446064f089
snippets/page-header.liquid:
  development: 2018-03-21T09:41:51-04:00   d58bf7dd4e89577cf07eb66419af6139
snippets/pagination.liquid:
  development: 2018-03-21T09:41:51-04:00   5fd6854467745903e526046697c3417b
snippets/payment-icons.liquid:
  development: 2018-03-21T09:41:51-04:00   720c3f96b02206925fd6e0a34d75f2d6
snippets/placeholder_svg_uri.liquid:
  development: 2018-03-21T09:41:51-04:00   b27af0d8f216ec06ec31a4ca38bd99ef
snippets/product-description.liquid:
  development: 2018-03-21T09:41:51-04:00   8b1b2696fe387ec839bc9b38c8f66e7d
snippets/product-form.liquid:
  development: 2018-03-21T09:41:51-04:00   511d84e16a1af3143eec1772f6d7d7bb
snippets/product-images.liquid:
  development: 2018-03-21T09:41:51-04:00   f26dd1ba4971077dd72ff5982ab3eb3b
snippets/product-json.liquid:
  development: 2018-03-21T09:41:51-04:00   3407e4f02c98b7c9ca98a6f7a54d282d
snippets/product-list-item-demo.liquid:
  development: 2018-03-21T09:41:51-04:00   68dd460a12d0e110b100c8182d4add5b
snippets/product-list-item.liquid:
  development: 2018-03-21T09:41:51-04:00   26d2499334ee0d05214f6bc8c7ca177e
snippets/product-options-dropdown.liquid:
  development: 2018-03-21T09:41:51-04:00   3485d259a7d7e39d51992d651b81b948
snippets/respond.liquid:
  development: 2018-03-21T09:41:51-04:00   86c117006484ab9d239aa03c018dff92
snippets/share-buttons.liquid:
  development: 2018-03-21T09:41:51-04:00   87f44eb9afb0809e3676d0ddbbd844a9
snippets/shipping-calculator.liquid:
  development: 2018-03-21T09:41:51-04:00   2f90337b9da7f96b5410d652a7786fae
snippets/social-meta.liquid:
  development: 2018-03-21T09:41:52-04:00   1829f2c844760191ba6b6471f2a85b0e
snippets/svg-sprite.liquid:
  development: 2018-03-21T09:41:52-04:00   89196daa4fcb4edc9ba0fd471bae1159
snippets/theme-options.liquid:
  development: 2018-03-21T09:41:52-04:00   1189ceb3f6cadde76ca9ed8618ba1f34
templates/404.liquid:
  development: 2018-03-21T09:41:52-04:00   318c2353378f81d9241c32602e1fcbf6
templates/article.liquid:
  development: 2018-03-21T09:41:52-04:00   5b7391a783883fea4ef54bb44b33edca
templates/blog.liquid:
  development: 2018-03-21T09:41:52-04:00   bb2955df8fe37a4f6f2949d2fbe79198
templates/cart.liquid:
  development: 2018-03-21T09:41:52-04:00   ce10432681becf026ebc32fff0c35231
templates/collection.liquid:
  development: 2018-03-21T09:41:52-04:00   2192b27051dbbc0715bda2155b560021
templates/customers/account.liquid:
  development: 2018-03-21T09:41:52-04:00   680f696eed791eef282641c41fe13530
templates/customers/activate_account.liquid:
  development: 2018-03-21T09:41:52-04:00   3d2a05da3d135e10d06c9f4e09493710
templates/customers/addresses.liquid:
  development: 2018-03-21T09:41:52-04:00   432f68b9bda072c6129eec34e6ead457
templates/customers/login.liquid:
  development: 2018-03-21T09:41:52-04:00   362656681afca66ff60b5fbf811411eb
templates/customers/order.liquid:
  development: 2018-03-21T09:41:52-04:00   c61635dae5ffb5d688571c779379f095
templates/customers/register.liquid:
  development: 2018-03-21T09:41:52-04:00   6700bf295d39522eef39a5ad51d09644
templates/customers/reset_password.liquid:
  development: 2018-03-21T09:41:52-04:00   b2e11fbf9213aa8f45ce8126c6e593d8
templates/gift_card.liquid:
  development: 2018-03-21T09:41:52-04:00   cc0be66e890b04243e6316a76eac8c2a
templates/index.liquid:
  development: 2018-03-21T09:41:52-04:00   9ca2e91dc3a75d60a90421e91ad6702f
templates/list-collections.liquid:
  development: 2018-03-21T09:41:52-04:00   197cab67e0cb8c68d6808f81b36d9204
templates/page.contact.liquid:
  development: 2018-03-21T09:41:52-04:00   434eb0f7bdb5f5e2c938f7b993c1be8c
templates/page.liquid:
  development: 2018-03-21T09:41:52-04:00   cac6af14c898b042314d384217889a3d
templates/password.liquid:
  development: 2018-03-21T09:41:52-04:00   85635049d4e7a7b2777bf9847e7a0f47
templates/product.liquid:
  development: 2018-03-21T09:41:52-04:00   34821237ac74058d6655bbc951dbb9d4
templates/search.liquid:
  development: 2018-03-21T09:41:53-04:00   f3773593d238f9742a3bb4f18045d08b
