# THIS IS AN AUTOGENERATED FILE. DO NOT EDIT THIS FILE DIRECTLY.
assets/Star.png:
  development: 2018-03-27T09:22:36-04:00   d76067bff3c364ebda2f49514c65665c
assets/app.js:
  development: 2018-03-26T12:42:59-04:00
assets/app.scss:
  development: 2018-03-27T16:13:53-04:00   d3b0ec186d56643b00f84d2a7b45e81b
assets/crimson-bold-webfont.eot:
  development: 2018-03-21T09:41:47-04:00   87728e4677fcdcf3ab878bbbabf84579
assets/crimson-bold-webfont.woff:
  development: 2018-03-21T09:41:47-04:00   ec902461db1e8fd5c0eaf03889ba7b8f
assets/crimson-bolditalic-webfont.eot:
  development: 2018-03-21T09:41:47-04:00   bdfc8ee5795ab1d9eeb1e0b4f830a202
assets/crimson-bolditalic-webfont.woff:
  development: 2018-03-21T09:41:47-04:00   cfe98df7e4571004b77a50547212e775
assets/crimson-italic-webfont.eot:
  development: 2018-03-21T09:41:48-04:00   bfed619f0ff1a731dcf6c04319dfa656
assets/crimson-italic-webfont.woff:
  development: 2018-03-21T09:41:48-04:00   879ca5e83fc97947d93f05dbc577293f
assets/crimson-roman-webfont.eot:
  development: 2018-03-21T09:41:48-04:00   5297626eb8597599f4238faf012cedbd
assets/crimson-roman-webfont.woff:
  development: 2018-03-21T09:41:48-04:00   9f1b62fc8e121db689258f2cbdf27787
assets/giftcard.scss.liquid:
  development: 2018-03-21T09:41:48-04:00   7e9d7ec30c6dde17f2cad4206426331b
assets/instagramLite.js:
  development: 2018-03-27T10:33:53-04:00   0701c475c444ddc595a7fc3d58e2a6b3
assets/jquery-1.11.1.min.js:
  development: 2018-03-21T09:41:48-04:00   8101d596b2b8fa35fe3a634ea342d7c3
assets/jquery.cart.min.js:
  development: 2018-03-21T09:41:48-04:00   308dd3eeacc7c06d02b80adff972cb98
assets/jquery.currencies.js:
  development: 2018-03-21T09:41:48-04:00   21a6f41c5ce4e3aafd4fd0c398703867
assets/left.png:
  development: 2018-03-27T09:29:30-04:00   e400ea52521340951c97a2e19fa52c0e
assets/modernizr-2.8.2.min.js:
  development: 2018-03-21T09:41:49-04:00   7607d57536efee08f0b875d52e960329
assets/pacific-icons.eot:
  development: 2018-03-21T09:41:49-04:00   9e0ece67832b915b0092858cdc92efb2
assets/pacific-icons.woff:
  development: 2018-03-21T09:41:49-04:00   dc8fd0b1ccfe611b3b936d929f2801cd
assets/pixelunionsocialicons-regular.eot:
  development: 2018-03-21T09:41:49-04:00   e88eb49ab81a238351ba36bf8ac7f340
assets/pixelunionsocialicons-regular.woff:
  development: 2018-03-21T09:41:49-04:00   babd5c3f7c22762629175d6a40b019d3
assets/plugins.js:
  development: 2018-03-21T09:41:49-04:00   bdde5b2770487a3e98a513ac821aa0f6
assets/respond-proxy.html:
  development: 2018-03-21T09:41:49-04:00   75002d74a330bff6bf069284da503b4c
assets/respond.min.js:
  development: 2018-03-21T09:41:50-04:00   a2684e9b8fa50d6d11c56a9ada068528
assets/right.png:
  development: 2018-03-27T09:29:31-04:00   7ec64687842f68f3017fdfc7e0b73b91
assets/rivets-cart.js:
  development: 2018-03-26T12:13:49-04:00   9ede65b0a8936ed6fa874593b94ca41b
assets/theme.js.liquid:
  development: 2018-03-21T09:41:50-04:00   80ab8d2af82074932f3e6b06ab094721
assets/theme.scss.liquid:
  development: 2018-03-27T14:34:54-04:00   b63996818546618c397bf5ed7712f953
config/settings_data.json:
  development: 2018-03-26T22:32:53-04:00   74a222fcf06c5b84cd6d1aa76f50a2c2
config/settings_schema.json:
  development: 2018-03-27T11:38:37-04:00   da803aa74a759e777150f460d3f64c90
layout/theme.liquid:
  development: 2018-03-27T14:17:32-04:00   5d42accfc369b785d459f99ff8b4d983
locales/en.default.json:
  development: 2018-03-27T12:09:03-04:00   020b136680737d4a21e3d7370a8d8346
sections/footer.liquid:
  development: 2018-03-27T13:10:22-04:00   ff9dcf9deb464a85e2986b251b6748c9
sections/header.liquid:
  development: 2018-03-21T21:16:34-04:00   7f6bd5a1ec9e27f58ceb77bf1dfa5512
sections/homepage-about.liquid:
  development: 2018-03-22T12:15:47-04:00   81a552a75bc866e07993d52219a32470
sections/homepage-guarantee.liquid:
  development: 2018-03-26T16:47:56-04:00   95709aa88a8e714c248962c07459df03
sections/homepage-hero.liquid:
  development: 2018-03-22T12:10:53-04:00   674286ea6b92d690ef2e56c0304156a9
sections/homepage-info-banner.liquid:
  development: 2018-03-26T20:52:28-04:00   c060849a14a601e8ea24d7900b9c14a0
sections/homepage-instagram.liquid:
  development: 2018-03-27T11:01:18-04:00   6f328ec3c3db5a4f71c9909877664e43
sections/homepage-product-quickadd.liquid:
  development: 2018-03-26T16:38:58-04:00   1dd0931498e841b362f36c8354670f41
sections/homepage-product-selection.liquid:
  development: 2018-03-22T15:57:34-04:00   62c99b611eb8163fd62cc251b7d8d0a3
sections/homepage-reviews.liquid:
  development: 2018-03-27T10:12:44-04:00   0e4363f55deb3b7296231056ed23dc0b
sections/homepage-video.liquid:
  development: 2018-03-26T11:46:49-04:00   33651059ecb45a796aa4312119c83cd9
sections/page-cart.liquid:
  development: 2018-03-21T09:41:46-04:00   fd932ef69c93ff434cb404340bd7068e
sections/page-collection.liquid:
  development: 2018-03-21T09:41:46-04:00   6867a374a8a307f2ddfa7167e5a34088
sections/page-collections-list.liquid:
  development: 2018-03-21T09:41:46-04:00   e9fcab936fc74ff28b7354797737fad9
sections/page-product.liquid:
  development: 2018-03-27T16:41:58-04:00   439dbcec35050f6d07680d1f2f72ad70
sections/promobar.liquid:
  development: 2018-03-21T22:09:07-04:00   2b048042a03dfd64d8260471f58031d7
snippets/article-list-item.liquid:
  development: 2018-03-21T09:41:50-04:00   34a9b1b0a158b987724262c4be08a005
snippets/breadcrumbs.liquid:
  development: 2018-03-21T09:41:50-04:00   9e0e187ba762c3861212117a8f10d4bd
snippets/collection-filter.liquid:
  development: 2018-03-21T09:41:50-04:00   5bf27dcfc7d9c322b9dd1ac120cdac65
snippets/collection-header.liquid:
  development: 2018-03-21T09:41:50-04:00   0a903a3894ef776d421215230938b6cc
snippets/collection-list-item.liquid:
  development: 2018-03-21T09:41:50-04:00   bae98d2bfe82c0c053ca76c3eb4cfcd8
snippets/currency-switcher.liquid:
  development: 2018-03-21T09:41:50-04:00   25fcf2c180e327f9e260da5954d418b1
snippets/footer-connect.liquid:
  development: 2018-03-21T09:41:51-04:00   6803d4ecba76f37ebbd135ec4ffcecc3
snippets/footer-instagram.liquid:
  development: 2018-03-21T09:41:51-04:00   94bea19db8f92b46561ae681e1295ccf
snippets/footer-link-lists.liquid:
  development: 2018-03-21T09:41:51-04:00   43fa77cd991f4d7f08b229400de71821
snippets/footer-text-box.liquid:
  development: 2018-03-21T09:41:51-04:00   b1694d16101ad8f94c1e8d1bcf60b17a
snippets/footer-tweet.liquid:
  development: 2018-03-21T09:41:51-04:00   9071d550423d60af589df01d7b3d4478
snippets/for-looper.liquid:
  development: 2018-03-21T09:41:51-04:00   eba9fc0e23ff04300e6c5a5bcc6e0328
snippets/has-dropdown.liquid:
  development: 2018-03-21T09:41:51-04:00   3c71627cde7801cb15dcc51b1564cbb7
snippets/home-section-title.liquid:
  development: 2018-03-21T09:41:51-04:00   aff9e5dc0f8741e81c659f11ffd43856
snippets/icons.liquid:
  development: 2018-03-26T22:51:44-04:00   7bc81e679250c737f3ffaab2340ebbc1
snippets/mega-navigation.liquid:
  development: 2018-03-21T09:41:51-04:00   b6bf23418fa6d709af8691446064f089
snippets/page-header.liquid:
  development: 2018-03-21T09:41:51-04:00   d58bf7dd4e89577cf07eb66419af6139
snippets/pagination.liquid:
  development: 2018-03-21T09:41:51-04:00   5fd6854467745903e526046697c3417b
snippets/payment-icons.liquid:
  development: 2018-03-27T11:32:29-04:00   b32d292f68106c0f2932300642995c6f
snippets/placeholder_svg_uri.liquid:
  development: 2018-03-21T09:41:51-04:00   b27af0d8f216ec06ec31a4ca38bd99ef
snippets/product-description.liquid:
  development: 2018-03-21T09:41:51-04:00   8b1b2696fe387ec839bc9b38c8f66e7d
snippets/product-form.liquid:
  development: 2018-03-27T16:13:35-04:00   c3bddfe79df031ada9d0934284483d05
snippets/product-images.liquid:
  development: 2018-03-27T14:33:53-04:00   ffa03c889085798b1ed42788096807e3
snippets/product-json.liquid:
  development: 2018-03-21T09:41:51-04:00   3407e4f02c98b7c9ca98a6f7a54d282d
snippets/product-list-item-demo.liquid:
  development: 2018-03-21T09:41:51-04:00   68dd460a12d0e110b100c8182d4add5b
snippets/product-list-item.liquid:
  development: 2018-03-21T09:41:51-04:00   26d2499334ee0d05214f6bc8c7ca177e
snippets/product-options-dropdown.liquid:
  development: 2018-03-21T09:41:51-04:00   3485d259a7d7e39d51992d651b81b948
snippets/product-weight-table.liquid:
  development: 2018-03-27T16:42:26-04:00   7eee4e9a9bd6548981b114410531a309
snippets/respond.liquid:
  development: 2018-03-21T09:41:51-04:00   86c117006484ab9d239aa03c018dff92
snippets/share-buttons.liquid:
  development: 2018-03-21T09:41:51-04:00   87f44eb9afb0809e3676d0ddbbd844a9
snippets/shipping-calculator.liquid:
  development: 2018-03-21T09:41:51-04:00   2f90337b9da7f96b5410d652a7786fae
snippets/social-meta.liquid:
  development: 2018-03-21T09:41:52-04:00   1829f2c844760191ba6b6471f2a85b0e
snippets/svg-sprite.liquid:
  development: 2018-03-21T09:41:52-04:00   89196daa4fcb4edc9ba0fd471bae1159
snippets/theme-options.liquid:
  development: 2018-03-21T09:41:52-04:00   1189ceb3f6cadde76ca9ed8618ba1f34
templates/404.liquid:
  development: 2018-03-21T09:41:52-04:00   318c2353378f81d9241c32602e1fcbf6
templates/article.liquid:
  development: 2018-03-21T09:41:52-04:00   5b7391a783883fea4ef54bb44b33edca
templates/blog.liquid:
  development: 2018-03-21T09:41:52-04:00   bb2955df8fe37a4f6f2949d2fbe79198
templates/cart.liquid:
  development: 2018-03-21T09:41:52-04:00   ce10432681becf026ebc32fff0c35231
templates/collection.liquid:
  development: 2018-03-21T09:41:52-04:00   2192b27051dbbc0715bda2155b560021
templates/customers/account.liquid:
  development: 2018-03-21T09:41:52-04:00   680f696eed791eef282641c41fe13530
templates/customers/activate_account.liquid:
  development: 2018-03-21T09:41:52-04:00   3d2a05da3d135e10d06c9f4e09493710
templates/customers/addresses.liquid:
  development: 2018-03-21T09:41:52-04:00   432f68b9bda072c6129eec34e6ead457
templates/customers/login.liquid:
  development: 2018-03-21T09:41:52-04:00   362656681afca66ff60b5fbf811411eb
templates/customers/order.liquid:
  development: 2018-03-21T09:41:52-04:00   c61635dae5ffb5d688571c779379f095
templates/customers/register.liquid:
  development: 2018-03-21T09:41:52-04:00   6700bf295d39522eef39a5ad51d09644
templates/customers/reset_password.liquid:
  development: 2018-03-21T09:41:52-04:00   b2e11fbf9213aa8f45ce8126c6e593d8
templates/gift_card.liquid:
  development: 2018-03-21T09:41:52-04:00   cc0be66e890b04243e6316a76eac8c2a
templates/index.liquid:
  development: 2018-03-21T09:41:52-04:00   9ca2e91dc3a75d60a90421e91ad6702f
templates/list-collections.liquid:
  development: 2018-03-21T09:41:52-04:00   197cab67e0cb8c68d6808f81b36d9204
templates/page.contact.liquid:
  development: 2018-03-21T09:41:52-04:00   434eb0f7bdb5f5e2c938f7b993c1be8c
templates/page.liquid:
  development: 2018-03-21T09:41:52-04:00   cac6af14c898b042314d384217889a3d
templates/password.liquid:
  development: 2018-03-21T09:41:52-04:00   85635049d4e7a7b2777bf9847e7a0f47
templates/product.liquid:
  development: 2018-03-27T16:11:19-04:00   b80636153341ae13d17ca4b534c80225
templates/search.liquid:
  development: 2018-03-21T09:41:53-04:00   f3773593d238f9742a3bb4f18045d08b
